{
  "name": "shiksha-learning",
  "lockfileVersion": 3,
  "requires": true,
  "packages": {
    "": {
      "dependencies": {
        "react-razorpay": "^3.0.1"
      }
    },
    "node_modules/react": {
      "version": "19.1.1",
      "resolved": "https://registry.npmjs.org/react/-/react-19.1.1.tgz",
      "integrity": "sha512-w8nqGImo45dmMIfljjMwOGtbmC/mk4CMYhWIicdSflH91J9TyCyczcPFXJzrZ/ZXcgGRFeP6BU0BEJTw6tZdfQ==",
      "license": "MIT",
      "peer": true,
      "engines": {
        "node": ">=0.10.0"
      }
    },
    "node_modules/react-razorpay": {
      "version": "3.0.1",
      "resolved": "https://registry.npmjs.org/react-razorpay/-/react-razorpay-3.0.1.tgz",
      "integrity": "sha512-43P6VB20quinlUDN3dUdg0XlMtoClzfvhgpPWnGrLwLE6Pr570fXdA4kC+92Wqof48A/x96TXRpLnrQ/J1eXyw==",
      "license": "ISC",
      "peerDependencies": {
        "react": "^16.8.0 || ^17.0.0 || ^18.0.0 || ^19.0.0"
      }
    }
  }
}
